
Microsoft Visual Studio Solution File, Format Version 12.00
# Visual Studio Version 17
VisualStudioVersion = 17.14.36310.24 d17.14
MinimumVisualStudioVersion = 10.0.40219.1
Project("{FAE04EC0-301F-11D3-BF4B-00C04F79EFBC}") = "lesson1", "lesson1\lesson1.csproj", "{D6ECC171-9583-4069-9B1E-C5549CCDB668}"
EndProject
Project("{FAE04EC0-301F-11D3-BF4B-00C04F79EFBC}") = "Shapes", "Shapes\Shapes.csproj", "{EC046A88-245C-41B7-879F-6B259E9DABC2}"
EndProject
Global
	GlobalSection(SolutionConfigurationPlatforms) = preSolution
		Debug|Any CPU = Debug|Any CPU
		Release|Any CPU = Release|Any CPU
	EndGlobalSection
	GlobalSection(ProjectConfigurationPlatforms) = postSolution
		{D6ECC171-9583-4069-9B1E-C5549CCDB668}.Debug|Any CPU.ActiveCfg = Debug|Any CPU
		{D6ECC171-9583-4069-9B1E-C5549CCDB668}.Debug|Any CPU.Build.0 = Debug|Any CPU
		{D6ECC171-9583-4069-9B1E-C5549CCDB668}.Release|Any CPU.ActiveCfg = Release|Any CPU
		{D6ECC171-9583-4069-9B1E-C5549CCDB668}.Release|Any CPU.Build.0 = Release|Any CPU
		{EC046A88-245C-41B7-879F-6B259E9DABC2}.Debug|Any CPU.ActiveCfg = Debug|Any CPU
		{EC046A88-245C-41B7-879F-6B259E9DABC2}.Debug|Any CPU.Build.0 = Debug|Any CPU
		{EC046A88-245C-41B7-879F-6B259E9DABC2}.Release|Any CPU.ActiveCfg = Release|Any CPU
		{EC046A88-245C-41B7-879F-6B259E9DABC2}.Release|Any CPU.Build.0 = Release|Any CPU
	EndGlobalSection
	GlobalSection(SolutionProperties) = preSolution
		HideSolutionNode = FALSE
	EndGlobalSection
	GlobalSection(ExtensibilityGlobals) = postSolution
		SolutionGuid = {C5E357ED-EC8F-4B79-8D2B-A4FEA1229B84}
	EndGlobalSection
EndGlobal
